
Microsoft Visual Studio Solution File, Format Version 12.00
# Visual Studio Version 17
VisualStudioVersion = 17.4.33110.190
MinimumVisualStudioVersion = 10.0.40219.1
Project("{FAE04EC0-301F-11D3-BF4B-00C04F79EFBC}") = "WebApiProject", "WebApiProject.csproj", "{238BEFE0-F5FD-4130-8441-7653599408A1}"
EndProject
Global
	GlobalSection(SolutionConfigurationPlatforms) = preSolution
		Debug|Any CPU = Debug|Any CPU
		Release|Any CPU = Release|Any CPU
	EndGlobalSection
	GlobalSection(ProjectConfigurationPlatforms) = postSolution
		{238BEFE0-F5FD-4130-8441-7653599408A1}.Debug|Any CPU.ActiveCfg = Debug|Any CPU
		{238BEFE0-F5FD-4130-8441-7653599408A1}.Debug|Any CPU.Build.0 = Debug|Any CPU
		{238BEFE0-F5FD-4130-8441-7653599408A1}.Release|Any CPU.ActiveCfg = Release|Any CPU
		{238BEFE0-F5FD-4130-8441-7653599408A1}.Release|Any CPU.Build.0 = Release|Any CPU
	EndGlobalSection
	GlobalSection(SolutionProperties) = preSolution
		HideSolutionNode = FALSE
	EndGlobalSection
	GlobalSection(ExtensibilityGlobals) = postSolution
		SolutionGuid = {6098DD48-1BAD-46F3-9178-8F59AC1E6854}
	EndGlobalSection
EndGlobal
